
Microsoft Visual Studio Solution File, Format Version 12.00
# Visual Studio Version 17
VisualStudioVersion = 17.0.32112.339
MinimumVisualStudioVersion = 10.0.40219.1
Project("{FAE04EC0-301F-11D3-BF4B-00C04F79EFBC}") = "ServerProxy", "ServerProxy\ServerProxy.csproj", "{3C8B2C92-A016-452D-9974-B73A208C284B}"
EndProject
Project("{FAE04EC0-301F-11D3-BF4B-00C04F79EFBC}") = "RoutingServer", "RoutingServer\RoutingServer.csproj", "{19A65C53-5975-4EFE-B073-8E1D74BD45E7}"
EndProject
Project("{FAE04EC0-301F-11D3-BF4B-00C04F79EFBC}") = "ClientSoap", "ClientSoap\ClientSoap.csproj", "{AE5A8899-D00B-4762-B2E2-30394B0DEC0A}"
EndProject
Global
	GlobalSection(SolutionConfigurationPlatforms) = preSolution
		Debug|Any CPU = Debug|Any CPU
		Release|Any CPU = Release|Any CPU
	EndGlobalSection
	GlobalSection(ProjectConfigurationPlatforms) = postSolution
		{3C8B2C92-A016-452D-9974-B73A208C284B}.Debug|Any CPU.ActiveCfg = Debug|Any CPU
		{3C8B2C92-A016-452D-9974-B73A208C284B}.Debug|Any CPU.Build.0 = Debug|Any CPU
		{3C8B2C92-A016-452D-9974-B73A208C284B}.Release|Any CPU.ActiveCfg = Release|Any CPU
		{3C8B2C92-A016-452D-9974-B73A208C284B}.Release|Any CPU.Build.0 = Release|Any CPU
		{19A65C53-5975-4EFE-B073-8E1D74BD45E7}.Debug|Any CPU.ActiveCfg = Debug|Any CPU
		{19A65C53-5975-4EFE-B073-8E1D74BD45E7}.Debug|Any CPU.Build.0 = Debug|Any CPU
		{19A65C53-5975-4EFE-B073-8E1D74BD45E7}.Release|Any CPU.ActiveCfg = Release|Any CPU
		{19A65C53-5975-4EFE-B073-8E1D74BD45E7}.Release|Any CPU.Build.0 = Release|Any CPU
		{AE5A8899-D00B-4762-B2E2-30394B0DEC0A}.Debug|Any CPU.ActiveCfg = Debug|Any CPU
		{AE5A8899-D00B-4762-B2E2-30394B0DEC0A}.Debug|Any CPU.Build.0 = Debug|Any CPU
		{AE5A8899-D00B-4762-B2E2-30394B0DEC0A}.Release|Any CPU.ActiveCfg = Release|Any CPU
		{AE5A8899-D00B-4762-B2E2-30394B0DEC0A}.Release|Any CPU.Build.0 = Release|Any CPU
	EndGlobalSection
	GlobalSection(SolutionProperties) = preSolution
		HideSolutionNode = FALSE
	EndGlobalSection
	GlobalSection(ExtensibilityGlobals) = postSolution
		SolutionGuid = {18530E97-6DC6-4028-8478-88EE40D253F7}
	EndGlobalSection
EndGlobal
